
Microsoft Visual Studio Solution File, Format Version 12.00
Project("{FAE04EC0-301F-11D3-BF4B-00C04F79EFBC}") = "LifeX.API", "LifeX.API\LifeX.API.csproj", "{581D4153-79B9-4441-A559-CF086395399E}"
EndProject
Project("{FAE04EC0-301F-11D3-BF4B-00C04F79EFBC}") = "LifeX.Core.PubSub", "LifeX.Core.PubSub\LifeX.Core.PubSub.csproj", "{6F386A40-0F65-4F71-981C-1EE31557DE3F}"
EndProject
Project("{FAE04EC0-301F-11D3-BF4B-00C04F79EFBC}") = "LifeX.Core.Environment", "LifeX.Core.Environment\LifeX.Core.Environment.csproj", "{A240DF01-8F41-4BF4-A5CE-A007D32D0DDE}"
EndProject
Project("{FAE04EC0-301F-11D3-BF4B-00C04F79EFBC}") = "LifeX.Core.Engine", "LifeX.Core.Engine\LifeX.Core.Engine.csproj", "{1ACA2B22-9F3B-46CB-98B5-BA43189B86BD}"
EndProject
Project("{2150E333-8FDC-42A3-9474-1A3956D46DE8}") = "Samples", "Samples", "{18F2159D-9740-4F7A-B0E8-37057E5C79ED}"
EndProject
Project("{FAE04EC0-301F-11D3-BF4B-00C04F79EFBC}") = "WolfSheep.Run", "Samples\WolfSheep.Run\WolfSheep.Run.csproj", "{783D14D9-C3F5-47A6-A501-E258701823C1}"
EndProject
Project("{FAE04EC0-301F-11D3-BF4B-00C04F79EFBC}") = "WolfSheep.Model", "Samples\WolfSheep.Model\WolfSheep.Model.csproj", "{0957308F-947F-4298-9E13-812995BD4C78}"
EndProject
Project("{FAE04EC0-301F-11D3-BF4B-00C04F79EFBC}") = "LifeX.Host", "LifeX.Host\LifeX.Host.csproj", "{285221B6-9590-44CF-A7C4-1146F82BE22D}"
EndProject
Project("{FAE04EC0-301F-11D3-BF4B-00C04F79EFBC}") = "LifeX.Test", "LifeX.Test\LifeX.Test.csproj", "{27C1BD1A-D110-4C24-9E26-1B6358441DF1}"
EndProject
Project("{FAE04EC0-301F-11D3-BF4B-00C04F79EFBC}") = "LifeX.Components", "LifeX.Components\LifeX.Components.csproj", "{64CEDD42-7AB1-4495-B504-F9A0628DB7B1}"
EndProject
Project("{FAE04EC0-301F-11D3-BF4B-00C04F79EFBC}") = "LifeX.Config", "LifeX.Config\LifeX.Config.csproj", "{1486E908-763D-407F-8C47-CFB17687664C}"
EndProject
Project("{FAE04EC0-301F-11D3-BF4B-00C04F79EFBC}") = "LifeX.Initialization", "LifeX.Initialization\LifeX.Initialization.csproj", "{2E3F60F5-F31F-4B23-928B-8F2C9F5162B2}"
EndProject
Project("{FAE04EC0-301F-11D3-BF4B-00C04F79EFBC}") = "LifeX.Test.Helper", "LifeX.Test.Helper\LifeX.Test.Helper.csproj", "{0DD9CB38-94B2-4771-BCD7-FC5C26851BEC}"
EndProject
Project("{FAE04EC0-301F-11D3-BF4B-00C04F79EFBC}") = "LifeX.Client", "LifeX.Client\LifeX.Client.csproj", "{CCDF3DC7-BC55-490B-97AA-6B0106E4C9AB}"
EndProject
Global
	GlobalSection(SolutionConfigurationPlatforms) = preSolution
		Debug|Any CPU = Debug|Any CPU
		Release|Any CPU = Release|Any CPU
	EndGlobalSection
	GlobalSection(ProjectConfigurationPlatforms) = postSolution
		{581D4153-79B9-4441-A559-CF086395399E}.Debug|Any CPU.ActiveCfg = Debug|Any CPU
		{581D4153-79B9-4441-A559-CF086395399E}.Debug|Any CPU.Build.0 = Debug|Any CPU
		{581D4153-79B9-4441-A559-CF086395399E}.Release|Any CPU.ActiveCfg = Release|Any CPU
		{581D4153-79B9-4441-A559-CF086395399E}.Release|Any CPU.Build.0 = Release|Any CPU
		{6F386A40-0F65-4F71-981C-1EE31557DE3F}.Debug|Any CPU.ActiveCfg = Debug|Any CPU
		{6F386A40-0F65-4F71-981C-1EE31557DE3F}.Debug|Any CPU.Build.0 = Debug|Any CPU
		{6F386A40-0F65-4F71-981C-1EE31557DE3F}.Release|Any CPU.ActiveCfg = Release|Any CPU
		{6F386A40-0F65-4F71-981C-1EE31557DE3F}.Release|Any CPU.Build.0 = Release|Any CPU
		{A240DF01-8F41-4BF4-A5CE-A007D32D0DDE}.Debug|Any CPU.ActiveCfg = Debug|Any CPU
		{A240DF01-8F41-4BF4-A5CE-A007D32D0DDE}.Debug|Any CPU.Build.0 = Debug|Any CPU
		{A240DF01-8F41-4BF4-A5CE-A007D32D0DDE}.Release|Any CPU.ActiveCfg = Release|Any CPU
		{A240DF01-8F41-4BF4-A5CE-A007D32D0DDE}.Release|Any CPU.Build.0 = Release|Any CPU
		{1ACA2B22-9F3B-46CB-98B5-BA43189B86BD}.Debug|Any CPU.ActiveCfg = Debug|Any CPU
		{1ACA2B22-9F3B-46CB-98B5-BA43189B86BD}.Debug|Any CPU.Build.0 = Debug|Any CPU
		{1ACA2B22-9F3B-46CB-98B5-BA43189B86BD}.Release|Any CPU.ActiveCfg = Release|Any CPU
		{1ACA2B22-9F3B-46CB-98B5-BA43189B86BD}.Release|Any CPU.Build.0 = Release|Any CPU
		{783D14D9-C3F5-47A6-A501-E258701823C1}.Debug|Any CPU.ActiveCfg = Debug|Any CPU
		{783D14D9-C3F5-47A6-A501-E258701823C1}.Debug|Any CPU.Build.0 = Debug|Any CPU
		{783D14D9-C3F5-47A6-A501-E258701823C1}.Release|Any CPU.ActiveCfg = Release|Any CPU
		{783D14D9-C3F5-47A6-A501-E258701823C1}.Release|Any CPU.Build.0 = Release|Any CPU
		{0957308F-947F-4298-9E13-812995BD4C78}.Debug|Any CPU.ActiveCfg = Debug|Any CPU
		{0957308F-947F-4298-9E13-812995BD4C78}.Debug|Any CPU.Build.0 = Debug|Any CPU
		{0957308F-947F-4298-9E13-812995BD4C78}.Release|Any CPU.ActiveCfg = Release|Any CPU
		{0957308F-947F-4298-9E13-812995BD4C78}.Release|Any CPU.Build.0 = Release|Any CPU
		{285221B6-9590-44CF-A7C4-1146F82BE22D}.Debug|Any CPU.ActiveCfg = Debug|Any CPU
		{285221B6-9590-44CF-A7C4-1146F82BE22D}.Debug|Any CPU.Build.0 = Debug|Any CPU
		{285221B6-9590-44CF-A7C4-1146F82BE22D}.Release|Any CPU.ActiveCfg = Release|Any CPU
		{285221B6-9590-44CF-A7C4-1146F82BE22D}.Release|Any CPU.Build.0 = Release|Any CPU
		{27C1BD1A-D110-4C24-9E26-1B6358441DF1}.Debug|Any CPU.ActiveCfg = Debug|Any CPU
		{27C1BD1A-D110-4C24-9E26-1B6358441DF1}.Debug|Any CPU.Build.0 = Debug|Any CPU
		{27C1BD1A-D110-4C24-9E26-1B6358441DF1}.Release|Any CPU.ActiveCfg = Release|Any CPU
		{27C1BD1A-D110-4C24-9E26-1B6358441DF1}.Release|Any CPU.Build.0 = Release|Any CPU
		{64CEDD42-7AB1-4495-B504-F9A0628DB7B1}.Debug|Any CPU.ActiveCfg = Debug|Any CPU
		{64CEDD42-7AB1-4495-B504-F9A0628DB7B1}.Debug|Any CPU.Build.0 = Debug|Any CPU
		{64CEDD42-7AB1-4495-B504-F9A0628DB7B1}.Release|Any CPU.ActiveCfg = Release|Any CPU
		{64CEDD42-7AB1-4495-B504-F9A0628DB7B1}.Release|Any CPU.Build.0 = Release|Any CPU
		{1486E908-763D-407F-8C47-CFB17687664C}.Debug|Any CPU.ActiveCfg = Debug|Any CPU
		{1486E908-763D-407F-8C47-CFB17687664C}.Debug|Any CPU.Build.0 = Debug|Any CPU
		{1486E908-763D-407F-8C47-CFB17687664C}.Release|Any CPU.ActiveCfg = Release|Any CPU
		{1486E908-763D-407F-8C47-CFB17687664C}.Release|Any CPU.Build.0 = Release|Any CPU
		{2E3F60F5-F31F-4B23-928B-8F2C9F5162B2}.Debug|Any CPU.ActiveCfg = Debug|Any CPU
		{2E3F60F5-F31F-4B23-928B-8F2C9F5162B2}.Debug|Any CPU.Build.0 = Debug|Any CPU
		{2E3F60F5-F31F-4B23-928B-8F2C9F5162B2}.Release|Any CPU.ActiveCfg = Release|Any CPU
		{2E3F60F5-F31F-4B23-928B-8F2C9F5162B2}.Release|Any CPU.Build.0 = Release|Any CPU
		{0DD9CB38-94B2-4771-BCD7-FC5C26851BEC}.Debug|Any CPU.ActiveCfg = Debug|Any CPU
		{0DD9CB38-94B2-4771-BCD7-FC5C26851BEC}.Debug|Any CPU.Build.0 = Debug|Any CPU
		{0DD9CB38-94B2-4771-BCD7-FC5C26851BEC}.Release|Any CPU.ActiveCfg = Release|Any CPU
		{0DD9CB38-94B2-4771-BCD7-FC5C26851BEC}.Release|Any CPU.Build.0 = Release|Any CPU
		{CCDF3DC7-BC55-490B-97AA-6B0106E4C9AB}.Debug|Any CPU.ActiveCfg = Debug|Any CPU
		{CCDF3DC7-BC55-490B-97AA-6B0106E4C9AB}.Debug|Any CPU.Build.0 = Debug|Any CPU
		{CCDF3DC7-BC55-490B-97AA-6B0106E4C9AB}.Release|Any CPU.ActiveCfg = Release|Any CPU
		{CCDF3DC7-BC55-490B-97AA-6B0106E4C9AB}.Release|Any CPU.Build.0 = Release|Any CPU
	EndGlobalSection
	GlobalSection(NestedProjects) = preSolution
		{783D14D9-C3F5-47A6-A501-E258701823C1} = {18F2159D-9740-4F7A-B0E8-37057E5C79ED}
		{0957308F-947F-4298-9E13-812995BD4C78} = {18F2159D-9740-4F7A-B0E8-37057E5C79ED}
	EndGlobalSection
EndGlobal
